// !$*UTF8*$!
{
	archiveVersion = 1;
	classes = {
	};
	objectVersion = 56;
	objects = {

/* Begin PBXBuildFile section */
		5806D3A92AAD207400F14CC5 /* WeatherDayView.swift in Sources */ = {isa = PBXBuildFile; fileRef = 5806D3A82AAD207400F14CC5 /* WeatherDayView.swift */; };
		5806D3AB2AAD29BB00F14CC5 /* BackgroundView.swift in Sources */ = {isa = PBXBuildFile; fileRef = 5806D3AA2AAD29BB00F14CC5 /* BackgroundView.swift */; };
		5806D3AD2AAD2A4900F14CC5 /* CityText.swift in Sources */ = {isa = PBXBuildFile; fileRef = 5806D3AC2AAD2A4900F14CC5 /* CityText.swift */; };
		5806D3AF2AAD2B8500F14CC5 /* ActualTemperature.swift in Sources */ = {isa = PBXBuildFile; fileRef = 5806D3AE2AAD2B8500F14CC5 /* ActualTemperature.swift */; };
		5806D3B12AAD2C9400F14CC5 /* Button1.swift in Sources */ = {isa = PBXBuildFile; fileRef = 5806D3B02AAD2C9400F14CC5 /* Button1.swift */; };
		58DC94682AAD04F700CAA168 /* weather_appApp.swift in Sources */ = {isa = PBXBuildFile; fileRef = 58DC94672AAD04F700CAA168 /* weather_appApp.swift */; };
		58DC946A2AAD04F700CAA168 /* ContentView.swift in Sources */ = {isa = PBXBuildFile; fileRef = 58DC94692AAD04F700CAA168 /* ContentView.swift */; };
		58DC946C2AAD04FA00CAA168 /* Assets.xcassets in Resources */ = {isa = PBXBuildFile; fileRef = 58DC946B2AAD04FA00CAA168 /* Assets.xcassets */; };
		58DC946F2AAD04FA00CAA168 /* Preview Assets.xcassets in Resources */ = {isa = PBXBuildFile; fileRef = 58DC946E2AAD04FA00CAA168 /* Preview Assets.xcassets */; };
		58DC94792AAD04FA00CAA168 /* weather_appTests.swift in Sources */ = {isa = PBXBuildFile; fileRef = 58DC94782AAD04FA00CAA168 /* weather_appTests.swift */; };
		58DC94832AAD04FA00CAA168 /* weather_appUITests.swift in Sources */ = {isa = PBXBuildFile; fileRef = 58DC94822AAD04FA00CAA168 /* weather_appUITests.swift */; };
		58DC94852AAD04FA00CAA168 /* weather_appUITestsLaunchTests.swift in Sources */ = {isa = PBXBuildFile; fileRef = 58DC94842AAD04FA00CAA168 /* weather_appUITestsLaunchTests.swift */; };
/* End PBXBuildFile section */

/* Begin PBXContainerItemProxy section */
		58DC94752AAD04FA00CAA168 /* PBXContainerItemProxy */ = {
			isa = PBXContainerItemProxy;
			containerPortal = 58DC945C2AAD04F700CAA168 /* Project object */;
			proxyType = 1;
			remoteGlobalIDString = 58DC94632AAD04F700CAA168;
			remoteInfo = weather_app;
		};
		58DC947F2AAD04FA00CAA168 /* PBXContainerItemProxy */ = {
			isa = PBXContainerItemProxy;
			containerPortal = 58DC945C2AAD04F700CAA168 /* Project object */;
			proxyType = 1;
			remoteGlobalIDString = 58DC94632AAD04F700CAA168;
			remoteInfo = weather_app;
		};
/* End PBXContainerItemProxy section */

/* Begin PBXFileReference section */
		5806D3A82AAD207400F14CC5 /* WeatherDayView.swift */ = {isa = PBXFileReference; lastKnownFileType = sourcecode.swift; path = WeatherDayView.swift; sourceTree = "<group>"; };
		5806D3AA2AAD29BB00F14CC5 /* BackgroundView.swift */ = {isa = PBXFileReference; lastKnownFileType = sourcecode.swift; path = BackgroundView.swift; sourceTree = "<group>"; };
		5806D3AC2AAD2A4900F14CC5 /* CityText.swift */ = {isa = PBXFileReference; lastKnownFileType = sourcecode.swift; path = CityText.swift; sourceTree = "<group>"; };
		5806D3AE2AAD2B8500F14CC5 /* ActualTemperature.swift */ = {isa = PBXFileReference; lastKnownFileType = sourcecode.swift; path = ActualTemperature.swift; sourceTree = "<group>"; };
		5806D3B02AAD2C9400F14CC5 /* Button1.swift */ = {isa = PBXFileReference; lastKnownFileType = sourcecode.swift; path = Button1.swift; sourceTree = "<group>"; };
		58DC94642AAD04F700CAA168 /* weather_app.app */ = {isa = PBXFileReference; explicitFileType = wrapper.application; includeInIndex = 0; path = weather_app.app; sourceTree = BUILT_PRODUCTS_DIR; };
		58DC94672AAD04F700CAA168 /* weather_appApp.swift */ = {isa = PBXFileReference; lastKnownFileType = sourcecode.swift; path = weather_appApp.swift; sourceTree = "<group>"; };
		58DC94692AAD04F700CAA168 /* ContentView.swift */ = {isa = PBXFileReference; lastKnownFileType = sourcecode.swift; path = ContentView.swift; sourceTree = "<group>"; };
		58DC946B2AAD04FA00CAA168 /* Assets.xcassets */ = {isa = PBXFileReference; lastKnownFileType = folder.assetcatalog; path = Assets.xcassets; sourceTree = "<group>"; };
		58DC946E2AAD04FA00CAA168 /* Preview Assets.xcassets */ = {isa = PBXFileReference; lastKnownFileType = folder.assetcatalog; path = "Preview Assets.xcassets"; sourceTree = "<group>"; };
		58DC94742AAD04FA00CAA168 /* weather_appTests.xctest */ = {isa = PBXFileReference; explicitFileType = wrapper.cfbundle; includeInIndex = 0; path = weather_appTests.xctest; sourceTree = BUILT_PRODUCTS_DIR; };
		58DC94782AAD04FA00CAA168 /* weather_appTests.swift */ = {isa = PBXFileReference; lastKnownFileType = sourcecode.swift; path = weather_appTests.swift; sourceTree = "<group>"; };
		58DC947E2AAD04FA00CAA168 /* weather_appUITests.xctest */ = {isa = PBXFileReference; explicitFileType = wrapper.cfbundle; includeInIndex = 0; path = weather_appUITests.xctest; sourceTree = BUILT_PRODUCTS_DIR; };
		58DC94822AAD04FA00CAA168 /* weather_appUITests.swift */ = {isa = PBXFileReference; lastKnownFileType = sourcecode.swift; path = weather_appUITests.swift; sourceTree = "<group>"; };
		58DC94842AAD04FA00CAA168 /* weather_appUITestsLaunchTests.swift */ = {isa = PBXFileReference; lastKnownFileType = sourcecode.swift; path = weather_appUITestsLaunchTests.swift; sourceTree = "<group>"; };
/* End PBXFileReference section */

/* Begin PBXFrameworksBuildPhase section */
		58DC94612AAD04F700CAA168 /* Frameworks */ = {
			isa = PBXFrameworksBuildPhase;
			buildActionMask = 2147483647;
			files = (
			);
			runOnlyForDeploymentPostprocessing = 0;
		};
		58DC94712AAD04FA00CAA168 /* Frameworks */ = {
			isa = PBXFrameworksBuildPhase;
			buildActionMask = 2147483647;
			files = (
			);
			runOnlyForDeploymentPostprocessing = 0;
		};
		58DC947B2AAD04FA00CAA168 /* Frameworks */ = {
			isa = PBXFrameworksBuildPhase;
			buildActionMask = 2147483647;
			files = (
			);
			runOnlyForDeploymentPostprocessing = 0;
		};
/* End PBXFrameworksBuildPhase section */

/* Begin PBXGroup section */
		58DC945B2AAD04F700CAA168 = {
			isa = PBXGroup;
			children = (
				58DC94662AAD04F700CAA168 /* weather_app */,
				58DC94772AAD04FA00CAA168 /* weather_appTests */,
				58DC94812AAD04FA00CAA168 /* weather_appUITests */,
				58DC94652AAD04F700CAA168 /* Products */,
			);
			sourceTree = "<group>";
		};
		58DC94652AAD04F700CAA168 /* Products */ = {
			isa = PBXGroup;
			children = (
				58DC94642AAD04F700CAA168 /* weather_app.app */,
				58DC94742AAD04FA00CAA168 /* weather_appTests.xctest */,
				58DC947E2AAD04FA00CAA168 /* weather_appUITests.xctest */,
			);
			name = Products;
			sourceTree = "<group>";
		};
		58DC94662AAD04F700CAA168 /* weather_app */ = {
			isa = PBXGroup;
			children = (
				58DC94672AAD04F700CAA168 /* weather_appApp.swift */,
				58DC94692AAD04F700CAA168 /* ContentView.swift */,
				58DC946B2AAD04FA00CAA168 /* Assets.xcassets */,
				58DC946D2AAD04FA00CAA168 /* Preview Content */,
				5806D3A82AAD207400F14CC5 /* WeatherDayView.swift */,
				5806D3AA2AAD29BB00F14CC5 /* BackgroundView.swift */,
				5806D3AC2AAD2A4900F14CC5 /* CityText.swift */,
				5806D3AE2AAD2B8500F14CC5 /* ActualTemperature.swift */,
				5806D3B02AAD2C9400F14CC5 /* Button1.swift */,
			);
			path = weather_app;
			sourceTree = "<group>";
		};
		58DC946D2AAD04FA00CAA168 /* Preview Content */ = {
			isa = PBXGroup;
			children = (
				58DC946E2AAD04FA00CAA168 /* Preview Assets.xcassets */,
			);
			path = "Preview Content";
			sourceTree = "<group>";
		};
		58DC94772AAD04FA00CAA168 /* weather_appTests */ = {
			isa = PBXGroup;
			children = (
				58DC94782AAD04FA00CAA168 /* weather_appTests.swift */,
			);
			path = weather_appTests;
			sourceTree = "<group>";
		};
		58DC94812AAD04FA00CAA168 /* weather_appUITests */ = {
			isa = PBXGroup;
			children = (
				58DC94822AAD04FA00CAA168 /* weather_appUITests.swift */,
				58DC94842AAD04FA00CAA168 /* weather_appUITestsLaunchTests.swift */,
			);
			path = weather_appUITests;
			sourceTree = "<group>";
		};
/* End PBXGroup section */

/* Begin PBXNativeTarget section */
		58DC94632AAD04F700CAA168 /* weather_app */ = {
			isa = PBXNativeTarget;
			buildConfigurationList = 58DC94882AAD04FA00CAA168 /* Build configuration list for PBXNativeTarget "weather_app" */;
			buildPhases = (
				58DC94602AAD04F700CAA168 /* Sources */,
				58DC94612AAD04F700CAA168 /* Frameworks */,
				58DC94622AAD04F700CAA168 /* Resources */,
			);
			buildRules = (
			);
			dependencies = (
			);
			name = weather_app;
			productName = weather_app;
			productReference = 58DC94642AAD04F700CAA168 /* weather_app.app */;
			productType = "com.apple.product-type.application";
		};
		58DC94732AAD04FA00CAA168 /* weather_appTests */ = {
			isa = PBXNativeTarget;
			buildConfigurationList = 58DC948B2AAD04FA00CAA168 /* Build configuration list for PBXNativeTarget "weather_appTests" */;
			buildPhases = (
				58DC94702AAD04FA00CAA168 /* Sources */,
				58DC94712AAD04FA00CAA168 /* Frameworks */,
				58DC94722AAD04FA00CAA168 /* Resources */,
			);
			buildRules = (
			);
			dependencies = (
				58DC94762AAD04FA00CAA168 /* PBXTargetDependency */,
			);
			name = weather_appTests;
			productName = weather_appTests;
			productReference = 58DC94742AAD04FA00CAA168 /* weather_appTests.xctest */;
			productType = "com.apple.product-type.bundle.unit-test";
		};
		58DC947D2AAD04FA00CAA168 /* weather_appUITests */ = {
			isa = PBXNativeTarget;
			buildConfigurationList = 58DC948E2AAD04FA00CAA168 /* Build configuration list for PBXNativeTarget "weather_appUITests" */;
			buildPhases = (
				58DC947A2AAD04FA00CAA168 /* Sources */,
				58DC947B2AAD04FA00CAA168 /* Frameworks */,
				58DC947C2AAD04FA00CAA168 /* Resources */,
			);
			buildRules = (
			);
			dependencies = (
				58DC94802AAD04FA00CAA168 /* PBXTargetDependency */,
			);
			name = weather_appUITests;
			productName = weather_appUITests;
			productReference = 58DC947E2AAD04FA00CAA168 /* weather_appUITests.xctest */;
			productType = "com.apple.product-type.bundle.ui-testing";
		};
/* End PBXNativeTarget section */

/* Begin PBXProject section */
		58DC945C2AAD04F700CAA168 /* Project object */ = {
			isa = PBXProject;
			attributes = {
				BuildIndependentTargetsInParallel = 1;
				LastSwiftUpdateCheck = 1430;
				LastUpgradeCheck = 1430;
				TargetAttributes = {
					58DC94632AAD04F700CAA168 = {
						CreatedOnToolsVersion = 14.3.1;
					};
					58DC94732AAD04FA00CAA168 = {
						CreatedOnToolsVersion = 14.3.1;
						TestTargetID = 58DC94632AAD04F700CAA168;
					};
					58DC947D2AAD04FA00CAA168 = {
						CreatedOnToolsVersion = 14.3.1;
						TestTargetID = 58DC94632AAD04F700CAA168;
					};
				};
			};
			buildConfigurationList = 58DC945F2AAD04F700CAA168 /* Build configuration list for PBXProject "weather_app" */;
			compatibilityVersion = "Xcode 14.0";
			developmentRegion = en;
			hasScannedForEncodings = 0;
			knownRegions = (
				en,
				Base,
			);
			mainGroup = 58DC945B2AAD04F700CAA168;
			productRefGroup = 58DC94652AAD04F700CAA168 /* Products */;
			projectDirPath = "";
			projectRoot = "";
			targets = (
				58DC94632AAD04F700CAA168 /* weather_app */,
				58DC94732AAD04FA00CAA168 /* weather_appTests */,
				58DC947D2AAD04FA00CAA168 /* weather_appUITests */,
			);
		};
/* End PBXProject section */

/* Begin PBXResourcesBuildPhase section */
		58DC94622AAD04F700CAA168 /* Resources */ = {
			isa = PBXResourcesBuildPhase;
			buildActionMask = 2147483647;
			files = (
				58DC946F2AAD04FA00CAA168 /* Preview Assets.xcassets in Resources */,
				58DC946C2AAD04FA00CAA168 /* Assets.xcassets in Resources */,
			);
			runOnlyForDeploymentPostprocessing = 0;
		};
		58DC94722AAD04FA00CAA168 /* Resources */ = {
			isa = PBXResourcesBuildPhase;
			buildActionMask = 2147483647;
			files = (
			);
			runOnlyForDeploymentPostprocessing = 0;
		};
		58DC947C2AAD04FA00CAA168 /* Resources */ = {
			isa = PBXResourcesBuildPhase;
			buildActionMask = 2147483647;
			files = (
			);
			runOnlyForDeploymentPostprocessing = 0;
		};
/* End PBXResourcesBuildPhase section */

/* Begin PBXSourcesBuildPhase section */
		58DC94602AAD04F700CAA168 /* Sources */ = {
			isa = PBXSourcesBuildPhase;
			buildActionMask = 2147483647;
			files = (
				58DC946A2AAD04F700CAA168 /* ContentView.swift in Sources */,
				58DC94682AAD04F700CAA168 /* weather_appApp.swift in Sources */,
				5806D3B12AAD2C9400F14CC5 /* Button1.swift in Sources */,
				5806D3AB2AAD29BB00F14CC5 /* BackgroundView.swift in Sources */,
				5806D3AD2AAD2A4900F14CC5 /* CityText.swift in Sources */,
				5806D3AF2AAD2B8500F14CC5 /* ActualTemperature.swift in Sources */,
				5806D3A92AAD207400F14CC5 /* WeatherDayView.swift in Sources */,
			);
			runOnlyForDeploymentPostprocessing = 0;
		};
		58DC94702AAD04FA00CAA168 /* Sources */ = {
			isa = PBXSourcesBuildPhase;
			buildActionMask = 2147483647;
			files = (
				58DC94792AAD04FA00CAA168 /* weather_appTests.swift in Sources */,
			);
			runOnlyForDeploymentPostprocessing = 0;
		};
		58DC947A2AAD04FA00CAA168 /* Sources */ = {
			isa = PBXSourcesBuildPhase;
			buildActionMask = 2147483647;
			files = (
				58DC94832AAD04FA00CAA168 /* weather_appUITests.swift in Sources */,
				58DC94852AAD04FA00CAA168 /* weather_appUITestsLaunchTests.swift in Sources */,
			);
			runOnlyForDeploymentPostprocessing = 0;
		};
/* End PBXSourcesBuildPhase section */

/* Begin PBXTargetDependency section */
		58DC94762AAD04FA00CAA168 /* PBXTargetDependency */ = {
			isa = PBXTargetDependency;
			target = 58DC94632AAD04F700CAA168 /* weather_app */;
			targetProxy = 58DC94752AAD04FA00CAA168 /* PBXContainerItemProxy */;
		};
		58DC94802AAD04FA00CAA168 /* PBXTargetDependency */ = {
			isa = PBXTargetDependency;
			target = 58DC94632AAD04F700CAA168 /* weather_app */;
			targetProxy = 58DC947F2AAD04FA00CAA168 /* PBXContainerItemProxy */;
		};
/* End PBXTargetDependency section */

/* Begin XCBuildConfiguration section */
		58DC94862AAD04FA00CAA168 /* Debug */ = {
			isa = XCBuildConfiguration;
			buildSettings = {
				ALWAYS_SEARCH_USER_PATHS = NO;
				CLANG_ANALYZER_NONNULL = YES;
				CLANG_ANALYZER_NUMBER_OBJECT_CONVERSION = YES_AGGRESSIVE;
				CLANG_CXX_LANGUAGE_STANDARD = "gnu++20";
				CLANG_ENABLE_MODULES = YES;
				CLANG_ENABLE_OBJC_ARC = YES;
				CLANG_ENABLE_OBJC_WEAK = YES;
				CLANG_WARN_BLOCK_CAPTURE_AUTORELEASING = YES;
				CLANG_WARN_BOOL_CONVERSION = YES;
				CLANG_WARN_COMMA = YES;
				CLANG_WARN_CONSTANT_CONVERSION = YES;
				CLANG_WARN_DEPRECATED_OBJC_IMPLEMENTATIONS = YES;
				CLANG_WARN_DIRECT_OBJC_ISA_USAGE = YES_ERROR;
				CLANG_WARN_DOCUMENTATION_COMMENTS = YES;
				CLANG_WARN_EMPTY_BODY = YES;
				CLANG_WARN_ENUM_CONVERSION = YES;
				CLANG_WARN_INFINITE_RECURSION = YES;
				CLANG_WARN_INT_CONVERSION = YES;
				CLANG_WARN_NON_LITERAL_NULL_CONVERSION = YES;
				CLANG_WARN_OBJC_IMPLICIT_RETAIN_SELF = YES;
				CLANG_WARN_OBJC_LITERAL_CONVERSION = YES;
				CLANG_WARN_OBJC_ROOT_CLASS = YES_ERROR;
				CLANG_WARN_QUOTED_INCLUDE_IN_FRAMEWORK_HEADER = YES;
				CLANG_WARN_RANGE_LOOP_ANALYSIS = YES;
				CLANG_WARN_STRICT_PROTOTYPES = YES;
				CLANG_WARN_SUSPICIOUS_MOVE = YES;
				CLANG_WARN_UNGUARDED_AVAILABILITY = YES_AGGRESSIVE;
				CLANG_WARN_UNREACHABLE_CODE = YES;
				CLANG_WARN__DUPLICATE_METHOD_MATCH = YES;
				COPY_PHASE_STRIP = NO;
				DEBUG_INFORMATION_FORMAT = dwarf;
				ENABLE_STRICT_OBJC_MSGSEND = YES;
				ENABLE_TESTABILITY = YES;
				GCC_C_LANGUAGE_STANDARD = gnu11;
				GCC_DYNAMIC_NO_PIC = NO;
				GCC_NO_COMMON_BLOCKS = YES;
				GCC_OPTIMIZATION_LEVEL = 0;
				GCC_PREPROCESSOR_DEFINITIONS = (
					"DEBUG=1",
					"$(inherited)",
				);
				GCC_WARN_64_TO_32_BIT_CONVERSION = YES;
				GCC_WARN_ABOUT_RETURN_TYPE = YES_ERROR;
				GCC_WARN_UNDECLARED_SELECTOR = YES;
				GCC_WARN_UNINITIALIZED_AUTOS = YES_AGGRESSIVE;
				GCC_WARN_UNUSED_FUNCTION = YES;
				GCC_WARN_UNUSED_VARIABLE = YES;
				IPHONEOS_DEPLOYMENT_TARGET = 16.4;
				MTL_ENABLE_DEBUG_INFO = INCLUDE_SOURCE;
				MTL_FAST_MATH = YES;
				ONLY_ACTIVE_ARCH = YES;
				SDKROOT = iphoneos;
				SWIFT_ACTIVE_COMPILATION_CONDITIONS = DEBUG;
				SWIFT_OPTIMIZATION_LEVEL = "-Onone";
			};
			name = Debug;
		};
		58DC94872AAD04FA00CAA168 /* Release */ = {
			isa = XCBuildConfiguration;
			buildSettings = {
				ALWAYS_SEARCH_USER_PATHS = NO;
				CLANG_ANALYZER_NONNULL = YES;
				CLANG_ANALYZER_NUMBER_OBJECT_CONVERSION = YES_AGGRESSIVE;
				CLANG_CXX_LANGUAGE_STANDARD = "gnu++20";
				CLANG_ENABLE_MODULES = YES;
				CLANG_ENABLE_OBJC_ARC = YES;
				CLANG_ENABLE_OBJC_WEAK = YES;
				CLANG_WARN_BLOCK_CAPTURE_AUTORELEASING = YES;
				CLANG_WARN_BOOL_CONVERSION = YES;
				CLANG_WARN_COMMA = YES;
				CLANG_WARN_CONSTANT_CONVERSION = YES;
				CLANG_WARN_DEPRECATED_OBJC_IMPLEMENTATIONS = YES;
				CLANG_WARN_DIRECT_OBJC_ISA_USAGE = YES_ERROR;
				CLANG_WARN_DOCUMENTATION_COMMENTS = YES;
				CLANG_WARN_EMPTY_BODY = YES;
				CLANG_WARN_ENUM_CONVERSION = YES;
				CLANG_WARN_INFINITE_RECURSION = YES;
				CLANG_WARN_INT_CONVERSION = YES;
				CLANG_WARN_NON_LITERAL_NULL_CONVERSION = YES;
				CLANG_WARN_OBJC_IMPLICIT_RETAIN_SELF = YES;
				CLANG_WARN_OBJC_LITERAL_CONVERSION = YES;
				CLANG_WARN_OBJC_ROOT_CLASS = YES_ERROR;
				CLANG_WARN_QUOTED_INCLUDE_IN_FRAMEWORK_HEADER = YES;
				CLANG_WARN_RANGE_LOOP_ANALYSIS = YES;
				CLANG_WARN_STRICT_PROTOTYPES = YES;
				CLANG_WARN_SUSPICIOUS_MOVE = YES;
				CLANG_WARN_UNGUARDED_AVAILABILITY = YES_AGGRESSIVE;
				CLANG_WARN_UNREACHABLE_CODE = YES;
				CLANG_WARN__DUPLICATE_METHOD_MATCH = YES;
				COPY_PHASE_STRIP = NO;
				DEBUG_INFORMATION_FORMAT = "dwarf-with-dsym";
				ENABLE_NS_ASSERTIONS = NO;
				ENABLE_STRICT_OBJC_MSGSEND = YES;
				GCC_C_LANGUAGE_STANDARD = gnu11;
				GCC_NO_COMMON_BLOCKS = YES;
				GCC_WARN_64_TO_32_BIT_CONVERSION = YES;
				GCC_WARN_ABOUT_RETURN_TYPE = YES_ERROR;
				GCC_WARN_UNDECLARED_SELECTOR = YES;
				GCC_WARN_UNINITIALIZED_AUTOS = YES_AGGRESSIVE;
				GCC_WARN_UNUSED_FUNCTION = YES;
				GCC_WARN_UNUSED_VARIABLE = YES;
				IPHONEOS_DEPLOYMENT_TARGET = 16.4;
				MTL_ENABLE_DEBUG_INFO = NO;
				MTL_FAST_MATH = YES;
				SDKROOT = iphoneos;
				SWIFT_COMPILATION_MODE = wholemodule;
				SWIFT_OPTIMIZATION_LEVEL = "-O";
				VALIDATE_PRODUCT = YES;
			};
			name = Release;
		};
		58DC94892AAD04FA00CAA168 /* Debug */ = {
			isa = XCBuildConfiguration;
			buildSettings = {
				ASSETCATALOG_COMPILER_APPICON_NAME = AppIcon;
				ASSETCATALOG_COMPILER_GLOBAL_ACCENT_COLOR_NAME = AccentColor;
				CODE_SIGN_STYLE = Automatic;
				CURRENT_PROJECT_VERSION = 1;
				DEVELOPMENT_ASSET_PATHS = "\"weather_app/Preview Content\"";
				DEVELOPMENT_TEAM = GC829MX293;
				ENABLE_PREVIEWS = YES;
				GENERATE_INFOPLIST_FILE = YES;
				INFOPLIST_KEY_UIApplicationSceneManifest_Generation = YES;
				INFOPLIST_KEY_UIApplicationSupportsIndirectInputEvents = YES;
				INFOPLIST_KEY_UILaunchScreen_Generation = YES;
				INFOPLIST_KEY_UISupportedInterfaceOrientations_iPad = "UIInterfaceOrientationPortrait UIInterfaceOrientationPortraitUpsideDown UIInterfaceOrientationLandscapeLeft UIInterfaceOrientationLandscapeRight";
				INFOPLIST_KEY_UISupportedInterfaceOrientations_iPhone = "UIInterfaceOrientationPortrait UIInterfaceOrientationLandscapeLeft UIInterfaceOrientationLandscapeRight";
				LD_RUNPATH_SEARCH_PATHS = (
					"$(inherited)",
					"@executable_path/Frameworks",
				);
				MARKETING_VERSION = 1.0;
				PRODUCT_BUNDLE_IDENTIFIER = "joaovictorheitz.weather-app";
				PRODUCT_NAME = "$(TARGET_NAME)";
				SWIFT_EMIT_LOC_STRINGS = YES;
				SWIFT_VERSION = 5.0;
				TARGETED_DEVICE_FAMILY = "1,2";
			};
			name = Debug;
		};
		58DC948A2AAD04FA00CAA168 /* Release */ = {
			isa = XCBuildConfiguration;
			buildSettings = {
				ASSETCATALOG_COMPILER_APPICON_NAME = AppIcon;
				ASSETCATALOG_COMPILER_GLOBAL_ACCENT_COLOR_NAME = AccentColor;
				CODE_SIGN_STYLE = Automatic;
				CURRENT_PROJECT_VERSION = 1;
				DEVELOPMENT_ASSET_PATHS = "\"weather_app/Preview Content\"";
				DEVELOPMENT_TEAM = GC829MX293;
				ENABLE_PREVIEWS = YES;
				GENERATE_INFOPLIST_FILE = YES;
				INFOPLIST_KEY_UIApplicationSceneManifest_Generation = YES;
				INFOPLIST_KEY_UIApplicationSupportsIndirectInputEvents = YES;
				INFOPLIST_KEY_UILaunchScreen_Generation = YES;
				INFOPLIST_KEY_UISupportedInterfaceOrientations_iPad = "UIInterfaceOrientationPortrait UIInterfaceOrientationPortraitUpsideDown UIInterfaceOrientationLandscapeLeft UIInterfaceOrientationLandscapeRight";
				INFOPLIST_KEY_UISupportedInterfaceOrientations_iPhone = "UIInterfaceOrientationPortrait UIInterfaceOrientationLandscapeLeft UIInterfaceOrientationLandscapeRight";
				LD_RUNPATH_SEARCH_PATHS = (
					"$(inherited)",
					"@executable_path/Frameworks",
				);
				MARKETING_VERSION = 1.0;
				PRODUCT_BUNDLE_IDENTIFIER = "joaovictorheitz.weather-app";
				PRODUCT_NAME = "$(TARGET_NAME)";
				SWIFT_EMIT_LOC_STRINGS = YES;
				SWIFT_VERSION = 5.0;
				TARGETED_DEVICE_FAMILY = "1,2";
			};
			name = Release;
		};
		58DC948C2AAD04FA00CAA168 /* Debug */ = {
			isa = XCBuildConfiguration;
			buildSettings = {
				ALWAYS_EMBED_SWIFT_STANDARD_LIBRARIES = YES;
				BUNDLE_LOADER = "$(TEST_HOST)";
				CODE_SIGN_STYLE = Automatic;
				CURRENT_PROJECT_VERSION = 1;
				DEVELOPMENT_TEAM = GC829MX293;
				GENERATE_INFOPLIST_FILE = YES;
				IPHONEOS_DEPLOYMENT_TARGET = 16.4;
				MARKETING_VERSION = 1.0;
				PRODUCT_BUNDLE_IDENTIFIER = "joaovictorheitz.weather-appTests";
				PRODUCT_NAME = "$(TARGET_NAME)";
				SWIFT_EMIT_LOC_STRINGS = NO;
				SWIFT_VERSION = 5.0;
				TARGETED_DEVICE_FAMILY = "1,2";
				TEST_HOST = "$(BUILT_PRODUCTS_DIR)/weather_app.app/$(BUNDLE_EXECUTABLE_FOLDER_PATH)/weather_app";
			};
			name = Debug;
		};
		58DC948D2AAD04FA00CAA168 /* Release */ = {
			isa = XCBuildConfiguration;
			buildSettings = {
				ALWAYS_EMBED_SWIFT_STANDARD_LIBRARIES = YES;
				BUNDLE_LOADER = "$(TEST_HOST)";
				CODE_SIGN_STYLE = Automatic;
				CURRENT_PROJECT_VERSION = 1;
				DEVELOPMENT_TEAM = GC829MX293;
				GENERATE_INFOPLIST_FILE = YES;
				IPHONEOS_DEPLOYMENT_TARGET = 16.4;
				MARKETING_VERSION = 1.0;
				PRODUCT_BUNDLE_IDENTIFIER = "joaovictorheitz.weather-appTests";
				PRODUCT_NAME = "$(TARGET_NAME)";
				SWIFT_EMIT_LOC_STRINGS = NO;
				SWIFT_VERSION = 5.0;
				TARGETED_DEVICE_FAMILY = "1,2";
				TEST_HOST = "$(BUILT_PRODUCTS_DIR)/weather_app.app/$(BUNDLE_EXECUTABLE_FOLDER_PATH)/weather_app";
			};
			name = Release;
		};
		58DC948F2AAD04FA00CAA168 /* Debug */ = {
			isa = XCBuildConfiguration;
			buildSettings = {
				ALWAYS_EMBED_SWIFT_STANDARD_LIBRARIES = YES;
				CODE_SIGN_STYLE = Automatic;
				CURRENT_PROJECT_VERSION = 1;
				DEVELOPMENT_TEAM = GC829MX293;
				GENERATE_INFOPLIST_FILE = YES;
				MARKETING_VERSION = 1.0;
				PRODUCT_BUNDLE_IDENTIFIER = "joaovictorheitz.weather-appUITests";
				PRODUCT_NAME = "$(TARGET_NAME)";
				SWIFT_EMIT_LOC_STRINGS = NO;
				SWIFT_VERSION = 5.0;
				TARGETED_DEVICE_FAMILY = "1,2";
				TEST_TARGET_NAME = weather_app;
			};
			name = Debug;
		};
		58DC94902AAD04FA00CAA168 /* Release */ = {
			isa = XCBuildConfiguration;
			buildSettings = {
				ALWAYS_EMBED_SWIFT_STANDARD_LIBRARIES = YES;
				CODE_SIGN_STYLE = Automatic;
				CURRENT_PROJECT_VERSION = 1;
				DEVELOPMENT_TEAM = GC829MX293;
				GENERATE_INFOPLIST_FILE = YES;
				MARKETING_VERSION = 1.0;
				PRODUCT_BUNDLE_IDENTIFIER = "joaovictorheitz.weather-appUITests";
				PRODUCT_NAME = "$(TARGET_NAME)";
				SWIFT_EMIT_LOC_STRINGS = NO;
				SWIFT_VERSION = 5.0;
				TARGETED_DEVICE_FAMILY = "1,2";
				TEST_TARGET_NAME = weather_app;
			};
			name = Release;
		};
/* End XCBuildConfiguration section */

/* Begin XCConfigurationList section */
		58DC945F2AAD04F700CAA168 /* Build configuration list for PBXProject "weather_app" */ = {
			isa = XCConfigurationList;
			buildConfigurations = (
				58DC94862AAD04FA00CAA168 /* Debug */,
				58DC94872AAD04FA00CAA168 /* Release */,
			);
			defaultConfigurationIsVisible = 0;
			defaultConfigurationName = Release;
		};
		58DC94882AAD04FA00CAA168 /* Build configuration list for PBXNativeTarget "weather_app" */ = {
			isa = XCConfigurationList;
			buildConfigurations = (
				58DC94892AAD04FA00CAA168 /* Debug */,
				58DC948A2AAD04FA00CAA168 /* Release */,
			);
			defaultConfigurationIsVisible = 0;
			defaultConfigurationName = Release;
		};
		58DC948B2AAD04FA00CAA168 /* Build configuration list for PBXNativeTarget "weather_appTests" */ = {
			isa = XCConfigurationList;
			buildConfigurations = (
				58DC948C2AAD04FA00CAA168 /* Debug */,
				58DC948D2AAD04FA00CAA168 /* Release */,
			);
			defaultConfigurationIsVisible = 0;
			defaultConfigurationName = Release;
		};
		58DC948E2AAD04FA00CAA168 /* Build configuration list for PBXNativeTarget "weather_appUITests" */ = {
			isa = XCConfigurationList;
			buildConfigurations = (
				58DC948F2AAD04FA00CAA168 /* Debug */,
				58DC94902AAD04FA00CAA168 /* Release */,
			);
			defaultConfigurationIsVisible = 0;
			defaultConfigurationName = Release;
		};
/* End XCConfigurationList section */
	};
	rootObject = 58DC945C2AAD04F700CAA168 /* Project object */;
}
